
Microsoft Visual Studio Solution File, Format Version 12.00
# Visual Studio Version 17
VisualStudioVersion = 17.9.34701.34
MinimumVisualStudioVersion = 10.0.40219.1
Project("{FAE04EC0-301F-11D3-BF4B-00C04F79EFBC}") = "BlackJack", "BlackJack\BlackJack.csproj", "{1E2DF7D9-3CBB-4812-8309-23976D4DDB08}"
EndProject
Global
	GlobalSection(SolutionConfigurationPlatforms) = preSolution
		Debug|Any CPU = Debug|Any CPU
		Release|Any CPU = Release|Any CPU
	EndGlobalSection
	GlobalSection(ProjectConfigurationPlatforms) = postSolution
		{1E2DF7D9-3CBB-4812-8309-23976D4DDB08}.Debug|Any CPU.ActiveCfg = Release|Any CPU
		{1E2DF7D9-3CBB-4812-8309-23976D4DDB08}.Debug|Any CPU.Build.0 = Release|Any CPU
		{1E2DF7D9-3CBB-4812-8309-23976D4DDB08}.Release|Any CPU.ActiveCfg = Release|Any CPU
		{1E2DF7D9-3CBB-4812-8309-23976D4DDB08}.Release|Any CPU.Build.0 = Release|Any CPU
	EndGlobalSection
	GlobalSection(SolutionProperties) = preSolution
		HideSolutionNode = FALSE
	EndGlobalSection
	GlobalSection(ExtensibilityGlobals) = postSolution
		SolutionGuid = {8EBCCFCB-81CD-4D67-8D28-8CF25995334B}
	EndGlobalSection
EndGlobal
